// !$*UTF8*$!
{
	archiveVersion = 1;
	classes = {
	};
	objectVersion = 46;
	objects = {

/* Begin PBXBuildFile section */
		7351D79E1CD094D100DB7B01 /* main.cpp in Sources */ = {isa = PBXBuildFile; fileRef = 7351D79D1CD094D100DB7B01 /* main.cpp */; };
/* End PBXBuildFile section */

/* Begin PBXCopyFilesBuildPhase section */
		7351D7981CD094D100DB7B01 /* CopyFiles */ = {
			isa = PBXCopyFilesBuildPhase;
			buildActionMask = 2147483647;
			dstPath = /usr/share/man/man1/;
			dstSubfolderSpec = 0;
			files = (
			);
			runOnlyForDeploymentPostprocessing = 1;
		};
/* End PBXCopyFilesBuildPhase section */

/* Begin PBXFileReference section */
		7351D79A1CD094D100DB7B01 /* Perfect_Square_Vector */ = {isa = PBXFileReference; explicitFileType = "compiled.mach-o.executable"; includeInIndex = 0; path = Perfect_Square_Vector; sourceTree = BUILT_PRODUCTS_DIR; };
		7351D79D1CD094D100DB7B01 /* main.cpp */ = {isa = PBXFileReference; lastKnownFileType = sourcecode.cpp.cpp; path = main.cpp; sourceTree = "<group>"; };
		7351D7A51CD09B5A00DB7B01 /* Geometric_Vector.h */ = {isa = PBXFileReference; lastKnownFileType = sourcecode.c.h; name = Geometric_Vector.h; path = ../Geometric_Vector.h; sourceTree = "<group>"; };
/* End PBXFileReference section */

/* Begin PBXFrameworksBuildPhase section */
		7351D7971CD094D100DB7B01 /* Frameworks */ = {
			isa = PBXFrameworksBuildPhase;
			buildActionMask = 2147483647;
			files = (
			);
			runOnlyForDeploymentPostprocessing = 0;
		};
/* End PBXFrameworksBuildPhase section */

/* Begin PBXGroup section */
		7351D7911CD094D000DB7B01 = {
			isa = PBXGroup;
			children = (
				7351D79C1CD094D100DB7B01 /* Perfect_Square_Vector */,
				7351D79B1CD094D100DB7B01 /* Products */,
			);
			sourceTree = "<group>";
		};
		7351D79B1CD094D100DB7B01 /* Products */ = {
			isa = PBXGroup;
			children = (
				7351D79A1CD094D100DB7B01 /* Perfect_Square_Vector */,
			);
			name = Products;
			sourceTree = "<group>";
		};
		7351D79C1CD094D100DB7B01 /* Perfect_Square_Vector */ = {
			isa = PBXGroup;
			children = (
				7351D7A51CD09B5A00DB7B01 /* Geometric_Vector.h */,
				7351D79D1CD094D100DB7B01 /* main.cpp */,
			);
			path = Perfect_Square_Vector;
			sourceTree = "<group>";
		};
/* End PBXGroup section */

/* Begin PBXNativeTarget section */
		7351D7991CD094D100DB7B01 /* Perfect_Square_Vector */ = {
			isa = PBXNativeTarget;
			buildConfigurationList = 7351D7A11CD094D100DB7B01 /* Build configuration list for PBXNativeTarget "Perfect_Square_Vector" */;
			buildPhases = (
				7351D7961CD094D100DB7B01 /* Sources */,
				7351D7971CD094D100DB7B01 /* Frameworks */,
				7351D7981CD094D100DB7B01 /* CopyFiles */,
			);
			buildRules = (
			);
			dependencies = (
			);
			name = Perfect_Square_Vector;
			productName = Perfect_Square_Vector;
			productReference = 7351D79A1CD094D100DB7B01 /* Perfect_Square_Vector */;
			productType = "com.apple.product-type.tool";
		};
/* End PBXNativeTarget section */

/* Begin PBXProject section */
		7351D7921CD094D100DB7B01 /* Project object */ = {
			isa = PBXProject;
			attributes = {
				LastUpgradeCheck = 0730;
				ORGANIZATIONNAME = com.cordero.michael;
				TargetAttributes = {
					7351D7991CD094D100DB7B01 = {
						CreatedOnToolsVersion = 7.3;
					};
				};
			};
			buildConfigurationList = 7351D7951CD094D100DB7B01 /* Build configuration list for PBXProject "Perfect_Square_Vector" */;
			compatibilityVersion = "Xcode 3.2";
			developmentRegion = English;
			hasScannedForEncodings = 0;
			knownRegions = (
				en,
			);
			mainGroup = 7351D7911CD094D000DB7B01;
			productRefGroup = 7351D79B1CD094D100DB7B01 /* Products */;
			projectDirPath = "";
			projectRoot = "";
			targets = (
				7351D7991CD094D100DB7B01 /* Perfect_Square_Vector */,
			);
		};
/* End PBXProject section */

/* Begin PBXSourcesBuildPhase section */
		7351D7961CD094D100DB7B01 /* Sources */ = {
			isa = PBXSourcesBuildPhase;
			buildActionMask = 2147483647;
			files = (
				7351D79E1CD094D100DB7B01 /* main.cpp in Sources */,
			);
			runOnlyForDeploymentPostprocessing = 0;
		};
/* End PBXSourcesBuildPhase section */

/* Begin XCBuildConfiguration section */
		7351D79F1CD094D100DB7B01 /* Debug */ = {
			isa = XCBuildConfiguration;
			buildSettings = {
				ALWAYS_SEARCH_USER_PATHS = NO;
				CLANG_ANALYZER_NONNULL = YES;
				CLANG_CXX_LANGUAGE_STANDARD = "gnu++0x";
				CLANG_CXX_LIBRARY = "libc++";
				CLANG_ENABLE_MODULES = YES;
				CLANG_ENABLE_OBJC_ARC = YES;
				CLANG_WARN_BOOL_CONVERSION = YES;
				CLANG_WARN_CONSTANT_CONVERSION = YES;
				CLANG_WARN_DIRECT_OBJC_ISA_USAGE = YES_ERROR;
				CLANG_WARN_EMPTY_BODY = YES;
				CLANG_WARN_ENUM_CONVERSION = YES;
				CLANG_WARN_INT_CONVERSION = YES;
				CLANG_WARN_OBJC_ROOT_CLASS = YES_ERROR;
				CLANG_WARN_UNREACHABLE_CODE = YES;
				CLANG_WARN__DUPLICATE_METHOD_MATCH = YES;
				CODE_SIGN_IDENTITY = "-";
				COPY_PHASE_STRIP = NO;
				DEBUG_INFORMATION_FORMAT = dwarf;
				ENABLE_STRICT_OBJC_MSGSEND = YES;
				ENABLE_TESTABILITY = YES;
				GCC_C_LANGUAGE_STANDARD = gnu99;
				GCC_DYNAMIC_NO_PIC = NO;
				GCC_NO_COMMON_BLOCKS = YES;
				GCC_OPTIMIZATION_LEVEL = 0;
				GCC_PREPROCESSOR_DEFINITIONS = (
					"DEBUG=1",
					"$(inherited)",
				);
				GCC_WARN_64_TO_32_BIT_CONVERSION = YES;
				GCC_WARN_ABOUT_RETURN_TYPE = YES_ERROR;
				GCC_WARN_UNDECLARED_SELECTOR = YES;
				GCC_WARN_UNINITIALIZED_AUTOS = YES_AGGRESSIVE;
				GCC_WARN_UNUSED_FUNCTION = YES;
				GCC_WARN_UNUSED_VARIABLE = YES;
				MACOSX_DEPLOYMENT_TARGET = 10.11;
				MTL_ENABLE_DEBUG_INFO = YES;
				ONLY_ACTIVE_ARCH = YES;
				SDKROOT = macosx;
			};
			name = Debug;
		};
		7351D7A01CD094D100DB7B01 /* Release */ = {
			isa = XCBuildConfiguration;
			buildSettings = {
				ALWAYS_SEARCH_USER_PATHS = NO;
				CLANG_ANALYZER_NONNULL = YES;
				CLANG_CXX_LANGUAGE_STANDARD = "gnu++0x";
				CLANG_CXX_LIBRARY = "libc++";
				CLANG_ENABLE_MODULES = YES;
				CLANG_ENABLE_OBJC_ARC = YES;
				CLANG_WARN_BOOL_CONVERSION = YES;
				CLANG_WARN_CONSTANT_CONVERSION = YES;
				CLANG_WARN_DIRECT_OBJC_ISA_USAGE = YES_ERROR;
				CLANG_WARN_EMPTY_BODY = YES;
				CLANG_WARN_ENUM_CONVERSION = YES;
				CLANG_WARN_INT_CONVERSION = YES;
				CLANG_WARN_OBJC_ROOT_CLASS = YES_ERROR;
				CLANG_WARN_UNREACHABLE_CODE = YES;
				CLANG_WARN__DUPLICATE_METHOD_MATCH = YES;
				CODE_SIGN_IDENTITY = "-";
				COPY_PHASE_STRIP = NO;
				DEBUG_INFORMATION_FORMAT = "dwarf-with-dsym";
				ENABLE_NS_ASSERTIONS = NO;
				ENABLE_STRICT_OBJC_MSGSEND = YES;
				GCC_C_LANGUAGE_STANDARD = gnu99;
				GCC_NO_COMMON_BLOCKS = YES;
				GCC_WARN_64_TO_32_BIT_CONVERSION = YES;
				GCC_WARN_ABOUT_RETURN_TYPE = YES_ERROR;
				GCC_WARN_UNDECLARED_SELECTOR = YES;
				GCC_WARN_UNINITIALIZED_AUTOS = YES_AGGRESSIVE;
				GCC_WARN_UNUSED_FUNCTION = YES;
				GCC_WARN_UNUSED_VARIABLE = YES;
				MACOSX_DEPLOYMENT_TARGET = 10.11;
				MTL_ENABLE_DEBUG_INFO = NO;
				SDKROOT = macosx;
			};
			name = Release;
		};
		7351D7A21CD094D100DB7B01 /* Debug */ = {
			isa = XCBuildConfiguration;
			buildSettings = {
				PRODUCT_NAME = "$(TARGET_NAME)";
			};
			name = Debug;
		};
		7351D7A31CD094D100DB7B01 /* Release */ = {
			isa = XCBuildConfiguration;
			buildSettings = {
				PRODUCT_NAME = "$(TARGET_NAME)";
			};
			name = Release;
		};
/* End XCBuildConfiguration section */

/* Begin XCConfigurationList section */
		7351D7951CD094D100DB7B01 /* Build configuration list for PBXProject "Perfect_Square_Vector" */ = {
			isa = XCConfigurationList;
			buildConfigurations = (
				7351D79F1CD094D100DB7B01 /* Debug */,
				7351D7A01CD094D100DB7B01 /* Release */,
			);
			defaultConfigurationIsVisible = 0;
			defaultConfigurationName = Release;
		};
		7351D7A11CD094D100DB7B01 /* Build configuration list for PBXNativeTarget "Perfect_Square_Vector" */ = {
			isa = XCConfigurationList;
			buildConfigurations = (
				7351D7A21CD094D100DB7B01 /* Debug */,
				7351D7A31CD094D100DB7B01 /* Release */,
			);
			defaultConfigurationIsVisible = 0;
		};
/* End XCConfigurationList section */
	};
	rootObject = 7351D7921CD094D100DB7B01 /* Project object */;
}
